
Microsoft Visual Studio Solution File, Format Version 12.00
# Visual Studio Version 17
VisualStudioVersion = 17.6.33723.286
MinimumVisualStudioVersion = 10.0.40219.1
Project("{2150E333-8FDC-42A3-9474-1A3956D46DE8}") = "01.Clients", "01.Clients", "{C9E7444C-1CFA-49D9-A320-966A0CADFDF1}"
EndProject
Project("{2150E333-8FDC-42A3-9474-1A3956D46DE8}") = "02.Api.Gateways", "02.Api.Gateways", "{DDB4119E-3E2E-4D0F-94BB-1529248767F1}"
EndProject
Project("{2150E333-8FDC-42A3-9474-1A3956D46DE8}") = "03.Services", "03.Services", "{FC8B0BF9-8951-44BA-AE58-71CCC0AE7391}"
EndProject
Project("{2150E333-8FDC-42A3-9474-1A3956D46DE8}") = "01.Identity", "01.Identity", "{0D44E3CF-4984-4D84-AE50-3E73FA2E63A8}"
EndProject
Project("{2150E333-8FDC-42A3-9474-1A3956D46DE8}") = "02.Catalog", "02.Catalog", "{94164B49-8395-42AB-BD24-E9FC89033E53}"
EndProject
Project("{2150E333-8FDC-42A3-9474-1A3956D46DE8}") = "03.Customer", "03.Customer", "{9A155F24-74E2-43A1-9A65-8252EAF5E877}"
EndProject
Project("{2150E333-8FDC-42A3-9474-1A3956D46DE8}") = "04.Order", "04.Order", "{46D3C82A-AF47-4A47-B82B-AFE8F8B10304}"
EndProject
Project("{9A19103F-16F7-4668-BE54-9A1E7A4F7556}") = "Catalog.Api", "src\Services\Catalog\Catalog.Api\Catalog.Api.csproj", "{A40ECEC5-B30B-4E4C-87FC-C0963E482840}"
EndProject
Project("{2150E333-8FDC-42A3-9474-1A3956D46DE8}") = "01. Api", "01. Api", "{224A29DC-3C01-41B0-BDE8-94FCBE1CCE5A}"
EndProject
Project("{2150E333-8FDC-42A3-9474-1A3956D46DE8}") = "02. Services", "02. Services", "{F1BCFD9D-0689-4C94-A99A-416B5724B36C}"
EndProject
Project("{2150E333-8FDC-42A3-9474-1A3956D46DE8}") = "03. Persistence", "03. Persistence", "{DC6C0A66-7A2E-42EC-A0AD-0B3221CB13BC}"
EndProject
Project("{2150E333-8FDC-42A3-9474-1A3956D46DE8}") = "04. Models", "04. Models", "{00DBB110-A8A4-4A99-A945-9C11666B8A88}"
EndProject
Project("{9A19103F-16F7-4668-BE54-9A1E7A4F7556}") = "Catalog.Domain", "src\Services\Catalog\Catalog.Domain\Catalog.Domain.csproj", "{E46C9A47-4CD6-458A-8A07-EC086F420132}"
EndProject
Project("{9A19103F-16F7-4668-BE54-9A1E7A4F7556}") = "Catalog.Persistence.Database", "src\Services\Catalog\Catalog.Persistence.Database\Catalog.Persistence.Database.csproj", "{70C274CD-A690-441E-8479-ADF197234703}"
EndProject
Project("{9A19103F-16F7-4668-BE54-9A1E7A4F7556}") = "Catalog.Services.Queries", "src\Services\Catalog\Catalog.Services.Queries\Catalog.Services.Queries.csproj", "{3002C054-0E73-4CEE-90E2-7DC8E0B64528}"
EndProject
Project("{2150E333-8FDC-42A3-9474-1A3956D46DE8}") = "Common", "Common", "{5592E48C-3A9C-40B5-9E0A-4E11430AA6EF}"
EndProject
Project("{9A19103F-16F7-4668-BE54-9A1E7A4F7556}") = "Service.Common.Collection", "Service.Common.Collection\Service.Common.Collection.csproj", "{54CA8E26-CA12-453B-8BFA-E083D64082BB}"
EndProject
Project("{9A19103F-16F7-4668-BE54-9A1E7A4F7556}") = "Service.Common.Paging", "Service.Common.Paging\Service.Common.Paging.csproj", "{4B44B1BA-ED46-4384-89D5-2B46E4B7FFA7}"
EndProject
Project("{9A19103F-16F7-4668-BE54-9A1E7A4F7556}") = "Service.Common.Mapping", "Service.Common.Mapping\Service.Common.Mapping.csproj", "{43B4FA3C-2B0D-448C-AEAD-6BDCD71A9037}"
EndProject
Project("{9A19103F-16F7-4668-BE54-9A1E7A4F7556}") = "Catalog.Services.EventHandlers", "src\Services\Catalog\Catalog.Services.EventHandlers\Catalog.Services.EventHandlers.csproj", "{2C7190C9-AAD4-4220-A521-95C207C2CD17}"
EndProject
Project("{2150E333-8FDC-42A3-9474-1A3956D46DE8}") = "05. Common", "05. Common", "{F4435650-31D6-48CC-96AC-97140813D48D}"
EndProject
Project("{9A19103F-16F7-4668-BE54-9A1E7A4F7556}") = "Catalog.Common", "src\Services\Catalog\Catalog.Common\Catalog.Common.csproj", "{0934CD7F-D2C6-4F64-AD5F-25418BBA8EA7}"
EndProject
Project("{2150E333-8FDC-42A3-9474-1A3956D46DE8}") = "04.Common", "04.Common", "{E6C37A88-6E01-4DEC-8DB5-DABF407CE3BB}"
EndProject
Project("{FAE04EC0-301F-11D3-BF4B-00C04F79EFBC}") = "Common.Logging", "Common.Logging\Common.Logging.csproj", "{2A4DAD03-4449-4512-9E95-E89B52D3C912}"
EndProject
Project("{2150E333-8FDC-42A3-9474-1A3956D46DE8}") = "06. Testing", "06. Testing", "{34EA1257-6EC9-470E-8E9A-10C33DBFB4F7}"
EndProject
Project("{FAE04EC0-301F-11D3-BF4B-00C04F79EFBC}") = "Catalog.Test", "src\Services\Catalog\Catalog.Test\Catalog.Test.csproj", "{BC3671AD-FE15-4E80-BD15-648D4FBB140A}"
EndProject
Global
	GlobalSection(SolutionConfigurationPlatforms) = preSolution
		Debug|Any CPU = Debug|Any CPU
		Release|Any CPU = Release|Any CPU
	EndGlobalSection
	GlobalSection(ProjectConfigurationPlatforms) = postSolution
		{A40ECEC5-B30B-4E4C-87FC-C0963E482840}.Debug|Any CPU.ActiveCfg = Debug|Any CPU
		{A40ECEC5-B30B-4E4C-87FC-C0963E482840}.Debug|Any CPU.Build.0 = Debug|Any CPU
		{A40ECEC5-B30B-4E4C-87FC-C0963E482840}.Release|Any CPU.ActiveCfg = Release|Any CPU
		{A40ECEC5-B30B-4E4C-87FC-C0963E482840}.Release|Any CPU.Build.0 = Release|Any CPU
		{E46C9A47-4CD6-458A-8A07-EC086F420132}.Debug|Any CPU.ActiveCfg = Debug|Any CPU
		{E46C9A47-4CD6-458A-8A07-EC086F420132}.Debug|Any CPU.Build.0 = Debug|Any CPU
		{E46C9A47-4CD6-458A-8A07-EC086F420132}.Release|Any CPU.ActiveCfg = Release|Any CPU
		{E46C9A47-4CD6-458A-8A07-EC086F420132}.Release|Any CPU.Build.0 = Release|Any CPU
		{70C274CD-A690-441E-8479-ADF197234703}.Debug|Any CPU.ActiveCfg = Debug|Any CPU
		{70C274CD-A690-441E-8479-ADF197234703}.Debug|Any CPU.Build.0 = Debug|Any CPU
		{70C274CD-A690-441E-8479-ADF197234703}.Release|Any CPU.ActiveCfg = Release|Any CPU
		{70C274CD-A690-441E-8479-ADF197234703}.Release|Any CPU.Build.0 = Release|Any CPU
		{3002C054-0E73-4CEE-90E2-7DC8E0B64528}.Debug|Any CPU.ActiveCfg = Debug|Any CPU
		{3002C054-0E73-4CEE-90E2-7DC8E0B64528}.Debug|Any CPU.Build.0 = Debug|Any CPU
		{3002C054-0E73-4CEE-90E2-7DC8E0B64528}.Release|Any CPU.ActiveCfg = Release|Any CPU
		{3002C054-0E73-4CEE-90E2-7DC8E0B64528}.Release|Any CPU.Build.0 = Release|Any CPU
		{54CA8E26-CA12-453B-8BFA-E083D64082BB}.Debug|Any CPU.ActiveCfg = Debug|Any CPU
		{54CA8E26-CA12-453B-8BFA-E083D64082BB}.Debug|Any CPU.Build.0 = Debug|Any CPU
		{54CA8E26-CA12-453B-8BFA-E083D64082BB}.Release|Any CPU.ActiveCfg = Release|Any CPU
		{54CA8E26-CA12-453B-8BFA-E083D64082BB}.Release|Any CPU.Build.0 = Release|Any CPU
		{4B44B1BA-ED46-4384-89D5-2B46E4B7FFA7}.Debug|Any CPU.ActiveCfg = Debug|Any CPU
		{4B44B1BA-ED46-4384-89D5-2B46E4B7FFA7}.Debug|Any CPU.Build.0 = Debug|Any CPU
		{4B44B1BA-ED46-4384-89D5-2B46E4B7FFA7}.Release|Any CPU.ActiveCfg = Release|Any CPU
		{4B44B1BA-ED46-4384-89D5-2B46E4B7FFA7}.Release|Any CPU.Build.0 = Release|Any CPU
		{43B4FA3C-2B0D-448C-AEAD-6BDCD71A9037}.Debug|Any CPU.ActiveCfg = Debug|Any CPU
		{43B4FA3C-2B0D-448C-AEAD-6BDCD71A9037}.Debug|Any CPU.Build.0 = Debug|Any CPU
		{43B4FA3C-2B0D-448C-AEAD-6BDCD71A9037}.Release|Any CPU.ActiveCfg = Release|Any CPU
		{43B4FA3C-2B0D-448C-AEAD-6BDCD71A9037}.Release|Any CPU.Build.0 = Release|Any CPU
		{2C7190C9-AAD4-4220-A521-95C207C2CD17}.Debug|Any CPU.ActiveCfg = Debug|Any CPU
		{2C7190C9-AAD4-4220-A521-95C207C2CD17}.Debug|Any CPU.Build.0 = Debug|Any CPU
		{2C7190C9-AAD4-4220-A521-95C207C2CD17}.Release|Any CPU.ActiveCfg = Release|Any CPU
		{2C7190C9-AAD4-4220-A521-95C207C2CD17}.Release|Any CPU.Build.0 = Release|Any CPU
		{0934CD7F-D2C6-4F64-AD5F-25418BBA8EA7}.Debug|Any CPU.ActiveCfg = Debug|Any CPU
		{0934CD7F-D2C6-4F64-AD5F-25418BBA8EA7}.Debug|Any CPU.Build.0 = Debug|Any CPU
		{0934CD7F-D2C6-4F64-AD5F-25418BBA8EA7}.Release|Any CPU.ActiveCfg = Release|Any CPU
		{0934CD7F-D2C6-4F64-AD5F-25418BBA8EA7}.Release|Any CPU.Build.0 = Release|Any CPU
		{2A4DAD03-4449-4512-9E95-E89B52D3C912}.Debug|Any CPU.ActiveCfg = Debug|Any CPU
		{2A4DAD03-4449-4512-9E95-E89B52D3C912}.Debug|Any CPU.Build.0 = Debug|Any CPU
		{2A4DAD03-4449-4512-9E95-E89B52D3C912}.Release|Any CPU.ActiveCfg = Release|Any CPU
		{2A4DAD03-4449-4512-9E95-E89B52D3C912}.Release|Any CPU.Build.0 = Release|Any CPU
		{BC3671AD-FE15-4E80-BD15-648D4FBB140A}.Debug|Any CPU.ActiveCfg = Debug|Any CPU
		{BC3671AD-FE15-4E80-BD15-648D4FBB140A}.Debug|Any CPU.Build.0 = Debug|Any CPU
		{BC3671AD-FE15-4E80-BD15-648D4FBB140A}.Release|Any CPU.ActiveCfg = Release|Any CPU
		{BC3671AD-FE15-4E80-BD15-648D4FBB140A}.Release|Any CPU.Build.0 = Release|Any CPU
	EndGlobalSection
	GlobalSection(SolutionProperties) = preSolution
		HideSolutionNode = FALSE
	EndGlobalSection
	GlobalSection(NestedProjects) = preSolution
		{0D44E3CF-4984-4D84-AE50-3E73FA2E63A8} = {FC8B0BF9-8951-44BA-AE58-71CCC0AE7391}
		{94164B49-8395-42AB-BD24-E9FC89033E53} = {FC8B0BF9-8951-44BA-AE58-71CCC0AE7391}
		{9A155F24-74E2-43A1-9A65-8252EAF5E877} = {FC8B0BF9-8951-44BA-AE58-71CCC0AE7391}
		{46D3C82A-AF47-4A47-B82B-AFE8F8B10304} = {FC8B0BF9-8951-44BA-AE58-71CCC0AE7391}
		{A40ECEC5-B30B-4E4C-87FC-C0963E482840} = {224A29DC-3C01-41B0-BDE8-94FCBE1CCE5A}
		{224A29DC-3C01-41B0-BDE8-94FCBE1CCE5A} = {94164B49-8395-42AB-BD24-E9FC89033E53}
		{F1BCFD9D-0689-4C94-A99A-416B5724B36C} = {94164B49-8395-42AB-BD24-E9FC89033E53}
		{DC6C0A66-7A2E-42EC-A0AD-0B3221CB13BC} = {94164B49-8395-42AB-BD24-E9FC89033E53}
		{00DBB110-A8A4-4A99-A945-9C11666B8A88} = {94164B49-8395-42AB-BD24-E9FC89033E53}
		{E46C9A47-4CD6-458A-8A07-EC086F420132} = {00DBB110-A8A4-4A99-A945-9C11666B8A88}
		{70C274CD-A690-441E-8479-ADF197234703} = {DC6C0A66-7A2E-42EC-A0AD-0B3221CB13BC}
		{3002C054-0E73-4CEE-90E2-7DC8E0B64528} = {F1BCFD9D-0689-4C94-A99A-416B5724B36C}
		{5592E48C-3A9C-40B5-9E0A-4E11430AA6EF} = {FC8B0BF9-8951-44BA-AE58-71CCC0AE7391}
		{54CA8E26-CA12-453B-8BFA-E083D64082BB} = {5592E48C-3A9C-40B5-9E0A-4E11430AA6EF}
		{4B44B1BA-ED46-4384-89D5-2B46E4B7FFA7} = {5592E48C-3A9C-40B5-9E0A-4E11430AA6EF}
		{43B4FA3C-2B0D-448C-AEAD-6BDCD71A9037} = {5592E48C-3A9C-40B5-9E0A-4E11430AA6EF}
		{2C7190C9-AAD4-4220-A521-95C207C2CD17} = {F1BCFD9D-0689-4C94-A99A-416B5724B36C}
		{F4435650-31D6-48CC-96AC-97140813D48D} = {94164B49-8395-42AB-BD24-E9FC89033E53}
		{0934CD7F-D2C6-4F64-AD5F-25418BBA8EA7} = {F4435650-31D6-48CC-96AC-97140813D48D}
		{2A4DAD03-4449-4512-9E95-E89B52D3C912} = {E6C37A88-6E01-4DEC-8DB5-DABF407CE3BB}
		{34EA1257-6EC9-470E-8E9A-10C33DBFB4F7} = {94164B49-8395-42AB-BD24-E9FC89033E53}
		{BC3671AD-FE15-4E80-BD15-648D4FBB140A} = {34EA1257-6EC9-470E-8E9A-10C33DBFB4F7}
	EndGlobalSection
	GlobalSection(ExtensibilityGlobals) = postSolution
		SolutionGuid = {0AA7E4D7-D37F-4AE8-8B30-9C72F97D63F0}
	EndGlobalSection
EndGlobal
